
Microsoft Visual Studio Solution File, Format Version 12.00
# Visual Studio Version 17
VisualStudioVersion = 17.14.36930.0 d17.14
MinimumVisualStudioVersion = 10.0.40219.1
Project("{FAE04EC0-301F-11D3-BF4B-00C04F79EFBC}") = "MaqCalcular_v1", "MaqCalcular_v1.csproj", "{D5ED91B0-B0BF-41B9-82B0-584DC5D062F9}"
EndProject
Global
	GlobalSection(SolutionConfigurationPlatforms) = preSolution
		Debug|Any CPU = Debug|Any CPU
		Release|Any CPU = Release|Any CPU
	EndGlobalSection
	GlobalSection(ProjectConfigurationPlatforms) = postSolution
		{D5ED91B0-B0BF-41B9-82B0-584DC5D062F9}.Debug|Any CPU.ActiveCfg = Debug|Any CPU
		{D5ED91B0-B0BF-41B9-82B0-584DC5D062F9}.Debug|Any CPU.Build.0 = Debug|Any CPU
		{D5ED91B0-B0BF-41B9-82B0-584DC5D062F9}.Release|Any CPU.ActiveCfg = Release|Any CPU
		{D5ED91B0-B0BF-41B9-82B0-584DC5D062F9}.Release|Any CPU.Build.0 = Release|Any CPU
	EndGlobalSection
	GlobalSection(SolutionProperties) = preSolution
		HideSolutionNode = FALSE
	EndGlobalSection
	GlobalSection(ExtensibilityGlobals) = postSolution
		SolutionGuid = {339AB3E7-EB11-4BE2-AED4-667800CDAC4C}
	EndGlobalSection
EndGlobal
